<?xml version="1.0" encoding="utf-8"?>
<Project ToolsVersion="4.0" xmlns="http://schemas.microsoft.com/developer/msbuild/2003">
  <ItemGroup>
    <Filter Include="소스 파일">
      <UniqueIdentifier>{4FC737F1-C7A5-4376-A066-2A32D752A2FF}</UniqueIdentifier>
      <Extensions>cpp;c;cc;cxx;c++;cppm;ixx;def;odl;idl;hpj;bat;asm;asmx</Extensions>
    </Filter>
    <Filter Include="헤더 파일">
      <UniqueIdentifier>{93995380-89BD-4b04-88EB-625FBE52EBFB}</UniqueIdentifier>
      <Extensions>h;hh;hpp;hxx;h++;hm;inl;inc;ipp;xsd</Extensions>
    </Filter>
    <Filter Include="리소스 파일">
      <UniqueIdentifier>{67DA6AB6-F800-4c08-8B7A-83BB121AAD01}</UniqueIdentifier>
      <Extensions>rc;ico;cur;bmp;dlg;rc2;rct;bin;rgs;gif;jpg;jpeg;jpe;resx;tiff;tif;png;wav;mfcribbon-ms</Extensions>
    </Filter>
    <Filter Include="소스 파일\Greedy">
      <UniqueIdentifier>{c5165b8c-f21e-4e9c-98b3-64d4f503eaba}</UniqueIdentifier>
    </Filter>
    <Filter Include="소스 파일\Dp">
      <UniqueIdentifier>{d238856a-b9cf-4848-bd4f-a3dc6f73ac38}</UniqueIdentifier>
    </Filter>
    <Filter Include="소스 파일\완전탐색">
      <UniqueIdentifier>{a97de10d-e2e2-4bca-8676-4adb0bc76d81}</UniqueIdentifier>
    </Filter>
    <Filter Include="소스 파일\구현">
      <UniqueIdentifier>{cb09eb2e-52f8-4a81-89cf-ffa687187d80}</UniqueIdentifier>
    </Filter>
    <Filter Include="소스 파일\수학">
      <UniqueIdentifier>{a44b9178-ee84-483d-a652-ec78a742e191}</UniqueIdentifier>
    </Filter>
    <Filter Include="소스 파일\최단경로">
      <UniqueIdentifier>{967acddd-9b3a-410f-80b0-6553daa43d09}</UniqueIdentifier>
    </Filter>
    <Filter Include="소스 파일\최단경로\BFS">
      <UniqueIdentifier>{363de4a7-6470-45d4-9ab9-560fa7f31f8c}</UniqueIdentifier>
    </Filter>
    <Filter Include="소스 파일\Stack">
      <UniqueIdentifier>{cf39ecc3-0473-49af-af14-ac2197070e37}</UniqueIdentifier>
    </Filter>
  </ItemGroup>
  <ItemGroup>
    <ClCompile Include="main.cpp">
      <Filter>소스 파일</Filter>
    </ClCompile>
    <ClCompile Include="요격시스템.cpp">
      <Filter>소스 파일</Filter>
    </ClCompile>
    <ClCompile Include="광물캐기.cpp">
      <Filter>소스 파일</Filter>
    </ClCompile>
    <ClCompile Include="숫자카드 나누기.cpp">
      <Filter>소스 파일</Filter>
    </ClCompile>
    <ClCompile Include="디펜스게임_Greedy.cpp">
      <Filter>소스 파일\Greedy</Filter>
    </ClCompile>
    <ClCompile Include="일곱 난쟁이_완전탐색.cpp">
      <Filter>소스 파일\완전탐색</Filter>
    </ClCompile>
    <ClCompile Include="우박순열 정적분_구현.cpp">
      <Filter>소스 파일\구현</Filter>
    </ClCompile>
    <ClCompile Include="점찍기_수학.cpp">
      <Filter>소스 파일\수학</Filter>
    </ClCompile>
    <ClCompile Include="부대복귀_최단경로.cpp">
      <Filter>소스 파일\최단경로\BFS</Filter>
    </ClCompile>
    <ClCompile Include="귤고르기_구현.cpp">
      <Filter>소스 파일\구현</Filter>
    </ClCompile>
    <ClCompile Include="롤케이크자르기.cpp">
      <Filter>소스 파일</Filter>
    </ClCompile>
    <ClCompile Include="택배상자_stack.cpp">
      <Filter>소스 파일\Stack</Filter>
    </ClCompile>
    <ClCompile Include="연속 부분 수열합의 개수.cpp">
      <Filter>소스 파일</Filter>
    </ClCompile>
    <ClCompile Include="할인 행사.cpp">
      <Filter>소스 파일</Filter>
    </ClCompile>
  </ItemGroup>
</Project>